
Microsoft Visual Studio Solution File, Format Version 11.00
# Visual Studio 2010
Project("{8BC9CEB8-8B4A-11D0-8D11-00A0C91BC942}") = "laba7", "laba7\laba7.vcxproj", "{CC51CE23-367D-40D1-939F-41CFEEF935D7}"
EndProject
Global
	GlobalSection(SolutionConfigurationPlatforms) = preSolution
		Debug|Win32 = Debug|Win32
		Release|Win32 = Release|Win32
	EndGlobalSection
	GlobalSection(ProjectConfigurationPlatforms) = postSolution
		{CC51CE23-367D-40D1-939F-41CFEEF935D7}.Debug|Win32.ActiveCfg = Debug|Win32
		{CC51CE23-367D-40D1-939F-41CFEEF935D7}.Debug|Win32.Build.0 = Debug|Win32
		{CC51CE23-367D-40D1-939F-41CFEEF935D7}.Release|Win32.ActiveCfg = Release|Win32
		{CC51CE23-367D-40D1-939F-41CFEEF935D7}.Release|Win32.Build.0 = Release|Win32
	EndGlobalSection
	GlobalSection(SolutionProperties) = preSolution
		HideSolutionNode = FALSE
	EndGlobalSection
EndGlobal
